
Microsoft Visual Studio Solution File, Format Version 12.00
# Visual Studio Version 17
VisualStudioVersion = 17.0.31903.59
MinimumVisualStudioVersion = 10.0.40219.1
Project("{9A19103F-16F7-4668-BE54-9A1E7A4F7556}") = "workshop.wwwapi", "workshop.wwwapi\workshop.wwwapi.csproj", "{E5F49750-D413-4DA8-B0ED-57A5D897EDF7}"
EndProject
Project("{2150E333-8FDC-42A3-9474-1A3956D46DE8}") = "Solution Items", "Solution Items", "{778369DA-05FA-417D-BD32-254DFD8E2A9F}"
	ProjectSection(SolutionItems) = preProject
		.gitignore = .gitignore
		README.md = README.md
	EndProjectSection
EndProject
Project("{E53339B2-1760-4266-BCC7-CA923CBCF16C}") = "docker-compose", "docker-compose.dcproj", "{2F7EE1B4-5B7C-44FA-98DD-10570818B56C}"
EndProject
Global
	GlobalSection(SolutionConfigurationPlatforms) = preSolution
		Debug|Any CPU = Debug|Any CPU
		Release|Any CPU = Release|Any CPU
	EndGlobalSection
	GlobalSection(ProjectConfigurationPlatforms) = postSolution
		{E5F49750-D413-4DA8-B0ED-57A5D897EDF7}.Debug|Any CPU.ActiveCfg = Debug|Any CPU
		{E5F49750-D413-4DA8-B0ED-57A5D897EDF7}.Debug|Any CPU.Build.0 = Debug|Any CPU
		{E5F49750-D413-4DA8-B0ED-57A5D897EDF7}.Release|Any CPU.ActiveCfg = Release|Any CPU
		{E5F49750-D413-4DA8-B0ED-57A5D897EDF7}.Release|Any CPU.Build.0 = Release|Any CPU
		{2F7EE1B4-5B7C-44FA-98DD-10570818B56C}.Debug|Any CPU.ActiveCfg = Debug|Any CPU
		{2F7EE1B4-5B7C-44FA-98DD-10570818B56C}.Debug|Any CPU.Build.0 = Debug|Any CPU
		{2F7EE1B4-5B7C-44FA-98DD-10570818B56C}.Release|Any CPU.ActiveCfg = Release|Any CPU
		{2F7EE1B4-5B7C-44FA-98DD-10570818B56C}.Release|Any CPU.Build.0 = Release|Any CPU
	EndGlobalSection
	GlobalSection(SolutionProperties) = preSolution
		HideSolutionNode = FALSE
	EndGlobalSection
	GlobalSection(ExtensibilityGlobals) = postSolution
		SolutionGuid = {0B404A0D-ADC8-4A7F-B806-959B15352DBD}
	EndGlobalSection
EndGlobal
